
Microsoft Visual Studio Solution File, Format Version 12.00
# Visual Studio 15
VisualStudioVersion = 15.0.28307.1401
MinimumVisualStudioVersion = 10.0.40219.1
Project("{9A19103F-16F7-4668-BE54-9A1E7A4F7556}") = "JwelleryApi", "JwelleryApi\JwelleryApi.csproj", "{606D4FFB-7504-4E46-A052-9FE7239B69EB}"
EndProject
Global
	GlobalSection(SolutionConfigurationPlatforms) = preSolution
		Debug|Any CPU = Debug|Any CPU
		Release|Any CPU = Release|Any CPU
	EndGlobalSection
	GlobalSection(ProjectConfigurationPlatforms) = postSolution
		{606D4FFB-7504-4E46-A052-9FE7239B69EB}.Debug|Any CPU.ActiveCfg = Debug|Any CPU
		{606D4FFB-7504-4E46-A052-9FE7239B69EB}.Debug|Any CPU.Build.0 = Debug|Any CPU
		{606D4FFB-7504-4E46-A052-9FE7239B69EB}.Release|Any CPU.ActiveCfg = Release|Any CPU
		{606D4FFB-7504-4E46-A052-9FE7239B69EB}.Release|Any CPU.Build.0 = Release|Any CPU
	EndGlobalSection
	GlobalSection(SolutionProperties) = preSolution
		HideSolutionNode = FALSE
	EndGlobalSection
	GlobalSection(ExtensibilityGlobals) = postSolution
		SolutionGuid = {6957373A-0D83-4C14-AD9E-610A512BADBD}
	EndGlobalSection
EndGlobal
